
Microsoft Visual Studio Solution File, Format Version 12.00
# Visual Studio 14
VisualStudioVersion = 14.0.25123.0
MinimumVisualStudioVersion = 10.0.40219.1
Project("{FAE04EC0-301F-11D3-BF4B-00C04F79EFBC}") = "FirstTimeForEverything", "FirstTimeForEverything\FirstTimeForEverything.csproj", "{B0479D82-0A58-49F8-82E0-A1065D1A8F9A}"
EndProject
Global
	GlobalSection(SolutionConfigurationPlatforms) = preSolution
		Debug|Any CPU = Debug|Any CPU
		Release|Any CPU = Release|Any CPU
	EndGlobalSection
	GlobalSection(ProjectConfigurationPlatforms) = postSolution
		{B0479D82-0A58-49F8-82E0-A1065D1A8F9A}.Debug|Any CPU.ActiveCfg = Debug|Any CPU
		{B0479D82-0A58-49F8-82E0-A1065D1A8F9A}.Debug|Any CPU.Build.0 = Debug|Any CPU
		{B0479D82-0A58-49F8-82E0-A1065D1A8F9A}.Release|Any CPU.ActiveCfg = Release|Any CPU
		{B0479D82-0A58-49F8-82E0-A1065D1A8F9A}.Release|Any CPU.Build.0 = Release|Any CPU
	EndGlobalSection
	GlobalSection(SolutionProperties) = preSolution
		HideSolutionNode = FALSE
	EndGlobalSection
EndGlobal
